
Microsoft Visual Studio Solution File, Format Version 12.00
# Visual Studio Version 17
VisualStudioVersion = 17.12.35506.116
MinimumVisualStudioVersion = 10.0.40219.1
Project("{FAE04EC0-301F-11D3-BF4B-00C04F79EFBC}") = "01_SingleResponsibility", "01_SingleResponsibility\01_SingleResponsibility.csproj", "{7F6CD66B-F10E-4EA4-A09D-7E0C31A3EF5E}"
EndProject
Project("{FAE04EC0-301F-11D3-BF4B-00C04F79EFBC}") = "02_OpenClosed", "02_OpenClosedPrinciple\02_OpenClosed.csproj", "{C82DF681-FE65-4281-AE63-4DBE9854BBCD}"
EndProject
Project("{FAE04EC0-301F-11D3-BF4B-00C04F79EFBC}") = "03_LiskovSubstitution", "03_LiskovSubstitution\03_LiskovSubstitution.csproj", "{505CDC94-76A6-4680-AC6C-74380A493EC9}"
EndProject
Global
	GlobalSection(SolutionConfigurationPlatforms) = preSolution
		Debug|Any CPU = Debug|Any CPU
		Release|Any CPU = Release|Any CPU
	EndGlobalSection
	GlobalSection(ProjectConfigurationPlatforms) = postSolution
		{7F6CD66B-F10E-4EA4-A09D-7E0C31A3EF5E}.Debug|Any CPU.ActiveCfg = Debug|Any CPU
		{7F6CD66B-F10E-4EA4-A09D-7E0C31A3EF5E}.Debug|Any CPU.Build.0 = Debug|Any CPU
		{7F6CD66B-F10E-4EA4-A09D-7E0C31A3EF5E}.Release|Any CPU.ActiveCfg = Release|Any CPU
		{7F6CD66B-F10E-4EA4-A09D-7E0C31A3EF5E}.Release|Any CPU.Build.0 = Release|Any CPU
		{C82DF681-FE65-4281-AE63-4DBE9854BBCD}.Debug|Any CPU.ActiveCfg = Debug|Any CPU
		{C82DF681-FE65-4281-AE63-4DBE9854BBCD}.Debug|Any CPU.Build.0 = Debug|Any CPU
		{C82DF681-FE65-4281-AE63-4DBE9854BBCD}.Release|Any CPU.ActiveCfg = Release|Any CPU
		{C82DF681-FE65-4281-AE63-4DBE9854BBCD}.Release|Any CPU.Build.0 = Release|Any CPU
		{505CDC94-76A6-4680-AC6C-74380A493EC9}.Debug|Any CPU.ActiveCfg = Debug|Any CPU
		{505CDC94-76A6-4680-AC6C-74380A493EC9}.Debug|Any CPU.Build.0 = Debug|Any CPU
		{505CDC94-76A6-4680-AC6C-74380A493EC9}.Release|Any CPU.ActiveCfg = Release|Any CPU
		{505CDC94-76A6-4680-AC6C-74380A493EC9}.Release|Any CPU.Build.0 = Release|Any CPU
	EndGlobalSection
	GlobalSection(SolutionProperties) = preSolution
		HideSolutionNode = FALSE
	EndGlobalSection
	GlobalSection(ExtensibilityGlobals) = postSolution
		SolutionGuid = {9D02E04B-BBC1-4572-B7CB-1F4C5F27E8CB}
	EndGlobalSection
EndGlobal
